// !$*UTF8*$!
{
	archiveVersion = 1;
	classes = {
	};
	objectVersion = 77;
	objects = {

/* Begin PBXContainerItemProxy section */
		61A5BA142D7579BD000D44AE /* PBXContainerItemProxy */ = {
			isa = PBXContainerItemProxy;
			containerPortal = 61A5B9FB2D7579BB000D44AE /* Project object */;
			proxyType = 1;
			remoteGlobalIDString = 61A5BA022D7579BB000D44AE;
			remoteInfo = AustraliaCountry;
		};
		61A5BA1E2D7579BD000D44AE /* PBXContainerItemProxy */ = {
			isa = PBXContainerItemProxy;
			containerPortal = 61A5B9FB2D7579BB000D44AE /* Project object */;
			proxyType = 1;
			remoteGlobalIDString = 61A5BA022D7579BB000D44AE;
			remoteInfo = AustraliaCountry;
		};
/* End PBXContainerItemProxy section */

/* Begin PBXFileReference section */
		61A5BA032D7579BB000D44AE /* AustraliaCountry.app */ = {isa = PBXFileReference; explicitFileType = wrapper.application; includeInIndex = 0; path = AustraliaCountry.app; sourceTree = BUILT_PRODUCTS_DIR; };
		61A5BA132D7579BD000D44AE /* AustraliaCountryTests.xctest */ = {isa = PBXFileReference; explicitFileType = wrapper.cfbundle; includeInIndex = 0; path = AustraliaCountryTests.xctest; sourceTree = BUILT_PRODUCTS_DIR; };
		61A5BA1D2D7579BD000D44AE /* AustraliaCountryUITests.xctest */ = {isa = PBXFileReference; explicitFileType = wrapper.cfbundle; includeInIndex = 0; path = AustraliaCountryUITests.xctest; sourceTree = BUILT_PRODUCTS_DIR; };
/* End PBXFileReference section */

/* Begin PBXFileSystemSynchronizedRootGroup section */
		61A5BA052D7579BB000D44AE /* AustraliaCountry */ = {
			isa = PBXFileSystemSynchronizedRootGroup;
			path = AustraliaCountry;
			sourceTree = "<group>";
		};
		61A5BA162D7579BD000D44AE /* AustraliaCountryTests */ = {
			isa = PBXFileSystemSynchronizedRootGroup;
			path = AustraliaCountryTests;
			sourceTree = "<group>";
		};
		61A5BA202D7579BD000D44AE /* AustraliaCountryUITests */ = {
			isa = PBXFileSystemSynchronizedRootGroup;
			path = AustraliaCountryUITests;
			sourceTree = "<group>";
		};
/* End PBXFileSystemSynchronizedRootGroup section */

/* Begin PBXFrameworksBuildPhase section */
		61A5BA002D7579BB000D44AE /* Frameworks */ = {
			isa = PBXFrameworksBuildPhase;
			buildActionMask = 2147483647;
			files = (
			);
			runOnlyForDeploymentPostprocessing = 0;
		};
		61A5BA102D7579BD000D44AE /* Frameworks */ = {
			isa = PBXFrameworksBuildPhase;
			buildActionMask = 2147483647;
			files = (
			);
			runOnlyForDeploymentPostprocessing = 0;
		};
		61A5BA1A2D7579BD000D44AE /* Frameworks */ = {
			isa = PBXFrameworksBuildPhase;
			buildActionMask = 2147483647;
			files = (
			);
			runOnlyForDeploymentPostprocessing = 0;
		};
/* End PBXFrameworksBuildPhase section */

/* Begin PBXGroup section */
		61A5B9FA2D7579BB000D44AE = {
			isa = PBXGroup;
			children = (
				61A5BA052D7579BB000D44AE /* AustraliaCountry */,
				61A5BA162D7579BD000D44AE /* AustraliaCountryTests */,
				61A5BA202D7579BD000D44AE /* AustraliaCountryUITests */,
				61A5BA042D7579BB000D44AE /* Products */,
			);
			sourceTree = "<group>";
		};
		61A5BA042D7579BB000D44AE /* Products */ = {
			isa = PBXGroup;
			children = (
				61A5BA032D7579BB000D44AE /* AustraliaCountry.app */,
				61A5BA132D7579BD000D44AE /* AustraliaCountryTests.xctest */,
				61A5BA1D2D7579BD000D44AE /* AustraliaCountryUITests.xctest */,
			);
			name = Products;
			sourceTree = "<group>";
		};
/* End PBXGroup section */

/* Begin PBXNativeTarget section */
		61A5BA022D7579BB000D44AE /* AustraliaCountry */ = {
			isa = PBXNativeTarget;
			buildConfigurationList = 61A5BA272D7579BD000D44AE /* Build configuration list for PBXNativeTarget "AustraliaCountry" */;
			buildPhases = (
				61A5B9FF2D7579BB000D44AE /* Sources */,
				61A5BA002D7579BB000D44AE /* Frameworks */,
				61A5BA012D7579BB000D44AE /* Resources */,
			);
			buildRules = (
			);
			dependencies = (
			);
			fileSystemSynchronizedGroups = (
				61A5BA052D7579BB000D44AE /* AustraliaCountry */,
			);
			name = AustraliaCountry;
			packageProductDependencies = (
			);
			productName = AustraliaCountry;
			productReference = 61A5BA032D7579BB000D44AE /* AustraliaCountry.app */;
			productType = "com.apple.product-type.application";
		};
		61A5BA122D7579BD000D44AE /* AustraliaCountryTests */ = {
			isa = PBXNativeTarget;
			buildConfigurationList = 61A5BA2A2D7579BD000D44AE /* Build configuration list for PBXNativeTarget "AustraliaCountryTests" */;
			buildPhases = (
				61A5BA0F2D7579BD000D44AE /* Sources */,
				61A5BA102D7579BD000D44AE /* Frameworks */,
				61A5BA112D7579BD000D44AE /* Resources */,
			);
			buildRules = (
			);
			dependencies = (
				61A5BA152D7579BD000D44AE /* PBXTargetDependency */,
			);
			fileSystemSynchronizedGroups = (
				61A5BA162D7579BD000D44AE /* AustraliaCountryTests */,
			);
			name = AustraliaCountryTests;
			packageProductDependencies = (
			);
			productName = AustraliaCountryTests;
			productReference = 61A5BA132D7579BD000D44AE /* AustraliaCountryTests.xctest */;
			productType = "com.apple.product-type.bundle.unit-test";
		};
		61A5BA1C2D7579BD000D44AE /* AustraliaCountryUITests */ = {
			isa = PBXNativeTarget;
			buildConfigurationList = 61A5BA2D2D7579BD000D44AE /* Build configuration list for PBXNativeTarget "AustraliaCountryUITests" */;
			buildPhases = (
				61A5BA192D7579BD000D44AE /* Sources */,
				61A5BA1A2D7579BD000D44AE /* Frameworks */,
				61A5BA1B2D7579BD000D44AE /* Resources */,
			);
			buildRules = (
			);
			dependencies = (
				61A5BA1F2D7579BD000D44AE /* PBXTargetDependency */,
			);
			fileSystemSynchronizedGroups = (
				61A5BA202D7579BD000D44AE /* AustraliaCountryUITests */,
			);
			name = AustraliaCountryUITests;
			packageProductDependencies = (
			);
			productName = AustraliaCountryUITests;
			productReference = 61A5BA1D2D7579BD000D44AE /* AustraliaCountryUITests.xctest */;
			productType = "com.apple.product-type.bundle.ui-testing";
		};
/* End PBXNativeTarget section */

/* Begin PBXProject section */
		61A5B9FB2D7579BB000D44AE /* Project object */ = {
			isa = PBXProject;
			attributes = {
				BuildIndependentTargetsInParallel = 1;
				LastSwiftUpdateCheck = 1620;
				LastUpgradeCheck = 1620;
				TargetAttributes = {
					61A5BA022D7579BB000D44AE = {
						CreatedOnToolsVersion = 16.2;
					};
					61A5BA122D7579BD000D44AE = {
						CreatedOnToolsVersion = 16.2;
						TestTargetID = 61A5BA022D7579BB000D44AE;
					};
					61A5BA1C2D7579BD000D44AE = {
						CreatedOnToolsVersion = 16.2;
						TestTargetID = 61A5BA022D7579BB000D44AE;
					};
				};
			};
			buildConfigurationList = 61A5B9FE2D7579BB000D44AE /* Build configuration list for PBXProject "AustraliaCountry" */;
			developmentRegion = en;
			hasScannedForEncodings = 0;
			knownRegions = (
				en,
				Base,
			);
			mainGroup = 61A5B9FA2D7579BB000D44AE;
			minimizedProjectReferenceProxies = 1;
			preferredProjectObjectVersion = 77;
			productRefGroup = 61A5BA042D7579BB000D44AE /* Products */;
			projectDirPath = "";
			projectRoot = "";
			targets = (
				61A5BA022D7579BB000D44AE /* AustraliaCountry */,
				61A5BA122D7579BD000D44AE /* AustraliaCountryTests */,
				61A5BA1C2D7579BD000D44AE /* AustraliaCountryUITests */,
			);
		};
/* End PBXProject section */

/* Begin PBXResourcesBuildPhase section */
		61A5BA012D7579BB000D44AE /* Resources */ = {
			isa = PBXResourcesBuildPhase;
			buildActionMask = 2147483647;
			files = (
			);
			runOnlyForDeploymentPostprocessing = 0;
		};
		61A5BA112D7579BD000D44AE /* Resources */ = {
			isa = PBXResourcesBuildPhase;
			buildActionMask = 2147483647;
			files = (
			);
			runOnlyForDeploymentPostprocessing = 0;
		};
		61A5BA1B2D7579BD000D44AE /* Resources */ = {
			isa = PBXResourcesBuildPhase;
			buildActionMask = 2147483647;
			files = (
			);
			runOnlyForDeploymentPostprocessing = 0;
		};
/* End PBXResourcesBuildPhase section */

/* Begin PBXSourcesBuildPhase section */
		61A5B9FF2D7579BB000D44AE /* Sources */ = {
			isa = PBXSourcesBuildPhase;
			buildActionMask = 2147483647;
			files = (
			);
			runOnlyForDeploymentPostprocessing = 0;
		};
		61A5BA0F2D7579BD000D44AE /* Sources */ = {
			isa = PBXSourcesBuildPhase;
			buildActionMask = 2147483647;
			files = (
			);
			runOnlyForDeploymentPostprocessing = 0;
		};
		61A5BA192D7579BD000D44AE /* Sources */ = {
			isa = PBXSourcesBuildPhase;
			buildActionMask = 2147483647;
			files = (
			);
			runOnlyForDeploymentPostprocessing = 0;
		};
/* End PBXSourcesBuildPhase section */

/* Begin PBXTargetDependency section */
		61A5BA152D7579BD000D44AE /* PBXTargetDependency */ = {
			isa = PBXTargetDependency;
			target = 61A5BA022D7579BB000D44AE /* AustraliaCountry */;
			targetProxy = 61A5BA142D7579BD000D44AE /* PBXContainerItemProxy */;
		};
		61A5BA1F2D7579BD000D44AE /* PBXTargetDependency */ = {
			isa = PBXTargetDependency;
			target = 61A5BA022D7579BB000D44AE /* AustraliaCountry */;
			targetProxy = 61A5BA1E2D7579BD000D44AE /* PBXContainerItemProxy */;
		};
/* End PBXTargetDependency section */

/* Begin XCBuildConfiguration section */
		61A5BA252D7579BD000D44AE /* Debug */ = {
			isa = XCBuildConfiguration;
			buildSettings = {
				ALWAYS_SEARCH_USER_PATHS = NO;
				ASSETCATALOG_COMPILER_GENERATE_SWIFT_ASSET_SYMBOL_EXTENSIONS = YES;
				CLANG_ANALYZER_NONNULL = YES;
				CLANG_ANALYZER_NUMBER_OBJECT_CONVERSION = YES_AGGRESSIVE;
				CLANG_CXX_LANGUAGE_STANDARD = "gnu++20";
				CLANG_ENABLE_MODULES = YES;
				CLANG_ENABLE_OBJC_ARC = YES;
				CLANG_ENABLE_OBJC_WEAK = YES;
				CLANG_WARN_BLOCK_CAPTURE_AUTORELEASING = YES;
				CLANG_WARN_BOOL_CONVERSION = YES;
				CLANG_WARN_COMMA = YES;
				CLANG_WARN_CONSTANT_CONVERSION = YES;
				CLANG_WARN_DEPRECATED_OBJC_IMPLEMENTATIONS = YES;
				CLANG_WARN_DIRECT_OBJC_ISA_USAGE = YES_ERROR;
				CLANG_WARN_DOCUMENTATION_COMMENTS = YES;
				CLANG_WARN_EMPTY_BODY = YES;
				CLANG_WARN_ENUM_CONVERSION = YES;
				CLANG_WARN_INFINITE_RECURSION = YES;
				CLANG_WARN_INT_CONVERSION = YES;
				CLANG_WARN_NON_LITERAL_NULL_CONVERSION = YES;
				CLANG_WARN_OBJC_IMPLICIT_RETAIN_SELF = YES;
				CLANG_WARN_OBJC_LITERAL_CONVERSION = YES;
				CLANG_WARN_OBJC_ROOT_CLASS = YES_ERROR;
				CLANG_WARN_QUOTED_INCLUDE_IN_FRAMEWORK_HEADER = YES;
				CLANG_WARN_RANGE_LOOP_ANALYSIS = YES;
				CLANG_WARN_STRICT_PROTOTYPES = YES;
				CLANG_WARN_SUSPICIOUS_MOVE = YES;
				CLANG_WARN_UNGUARDED_AVAILABILITY = YES_AGGRESSIVE;
				CLANG_WARN_UNREACHABLE_CODE = YES;
				CLANG_WARN__DUPLICATE_METHOD_MATCH = YES;
				COPY_PHASE_STRIP = NO;
				DEBUG_INFORMATION_FORMAT = dwarf;
				ENABLE_STRICT_OBJC_MSGSEND = YES;
				ENABLE_TESTABILITY = YES;
				ENABLE_USER_SCRIPT_SANDBOXING = YES;
				GCC_C_LANGUAGE_STANDARD = gnu17;
				GCC_DYNAMIC_NO_PIC = NO;
				GCC_NO_COMMON_BLOCKS = YES;
				GCC_OPTIMIZATION_LEVEL = 0;
				GCC_PREPROCESSOR_DEFINITIONS = (
					"DEBUG=1",
					"$(inherited)",
				);
				GCC_WARN_64_TO_32_BIT_CONVERSION = YES;
				GCC_WARN_ABOUT_RETURN_TYPE = YES_ERROR;
				GCC_WARN_UNDECLARED_SELECTOR = YES;
				GCC_WARN_UNINITIALIZED_AUTOS = YES_AGGRESSIVE;
				GCC_WARN_UNUSED_FUNCTION = YES;
				GCC_WARN_UNUSED_VARIABLE = YES;
				IPHONEOS_DEPLOYMENT_TARGET = 18.2;
				LOCALIZATION_PREFERS_STRING_CATALOGS = YES;
				MTL_ENABLE_DEBUG_INFO = INCLUDE_SOURCE;
				MTL_FAST_MATH = YES;
				ONLY_ACTIVE_ARCH = YES;
				SDKROOT = iphoneos;
				SWIFT_ACTIVE_COMPILATION_CONDITIONS = "DEBUG $(inherited)";
				SWIFT_OPTIMIZATION_LEVEL = "-Onone";
			};
			name = Debug;
		};
		61A5BA262D7579BD000D44AE /* Release */ = {
			isa = XCBuildConfiguration;
			buildSettings = {
				ALWAYS_SEARCH_USER_PATHS = NO;
				ASSETCATALOG_COMPILER_GENERATE_SWIFT_ASSET_SYMBOL_EXTENSIONS = YES;
				CLANG_ANALYZER_NONNULL = YES;
				CLANG_ANALYZER_NUMBER_OBJECT_CONVERSION = YES_AGGRESSIVE;
				CLANG_CXX_LANGUAGE_STANDARD = "gnu++20";
				CLANG_ENABLE_MODULES = YES;
				CLANG_ENABLE_OBJC_ARC = YES;
				CLANG_ENABLE_OBJC_WEAK = YES;
				CLANG_WARN_BLOCK_CAPTURE_AUTORELEASING = YES;
				CLANG_WARN_BOOL_CONVERSION = YES;
				CLANG_WARN_COMMA = YES;
				CLANG_WARN_CONSTANT_CONVERSION = YES;
				CLANG_WARN_DEPRECATED_OBJC_IMPLEMENTATIONS = YES;
				CLANG_WARN_DIRECT_OBJC_ISA_USAGE = YES_ERROR;
				CLANG_WARN_DOCUMENTATION_COMMENTS = YES;
				CLANG_WARN_EMPTY_BODY = YES;
				CLANG_WARN_ENUM_CONVERSION = YES;
				CLANG_WARN_INFINITE_RECURSION = YES;
				CLANG_WARN_INT_CONVERSION = YES;
				CLANG_WARN_NON_LITERAL_NULL_CONVERSION = YES;
				CLANG_WARN_OBJC_IMPLICIT_RETAIN_SELF = YES;
				CLANG_WARN_OBJC_LITERAL_CONVERSION = YES;
				CLANG_WARN_OBJC_ROOT_CLASS = YES_ERROR;
				CLANG_WARN_QUOTED_INCLUDE_IN_FRAMEWORK_HEADER = YES;
				CLANG_WARN_RANGE_LOOP_ANALYSIS = YES;
				CLANG_WARN_STRICT_PROTOTYPES = YES;
				CLANG_WARN_SUSPICIOUS_MOVE = YES;
				CLANG_WARN_UNGUARDED_AVAILABILITY = YES_AGGRESSIVE;
				CLANG_WARN_UNREACHABLE_CODE = YES;
				CLANG_WARN__DUPLICATE_METHOD_MATCH = YES;
				COPY_PHASE_STRIP = NO;
				DEBUG_INFORMATION_FORMAT = "dwarf-with-dsym";
				ENABLE_NS_ASSERTIONS = NO;
				ENABLE_STRICT_OBJC_MSGSEND = YES;
				ENABLE_USER_SCRIPT_SANDBOXING = YES;
				GCC_C_LANGUAGE_STANDARD = gnu17;
				GCC_NO_COMMON_BLOCKS = YES;
				GCC_WARN_64_TO_32_BIT_CONVERSION = YES;
				GCC_WARN_ABOUT_RETURN_TYPE = YES_ERROR;
				GCC_WARN_UNDECLARED_SELECTOR = YES;
				GCC_WARN_UNINITIALIZED_AUTOS = YES_AGGRESSIVE;
				GCC_WARN_UNUSED_FUNCTION = YES;
				GCC_WARN_UNUSED_VARIABLE = YES;
				IPHONEOS_DEPLOYMENT_TARGET = 18.2;
				LOCALIZATION_PREFERS_STRING_CATALOGS = YES;
				MTL_ENABLE_DEBUG_INFO = NO;
				MTL_FAST_MATH = YES;
				SDKROOT = iphoneos;
				SWIFT_COMPILATION_MODE = wholemodule;
				VALIDATE_PRODUCT = YES;
			};
			name = Release;
		};
		61A5BA282D7579BD000D44AE /* Debug */ = {
			isa = XCBuildConfiguration;
			buildSettings = {
				ASSETCATALOG_COMPILER_APPICON_NAME = AppIcon;
				ASSETCATALOG_COMPILER_GLOBAL_ACCENT_COLOR_NAME = AccentColor;
				CODE_SIGN_STYLE = Automatic;
				CURRENT_PROJECT_VERSION = 1;
				DEVELOPMENT_ASSET_PATHS = "\"AustraliaCountry/Preview Content\"";
				ENABLE_PREVIEWS = YES;
				GENERATE_INFOPLIST_FILE = YES;
				INFOPLIST_KEY_UIApplicationSceneManifest_Generation = YES;
				INFOPLIST_KEY_UIApplicationSupportsIndirectInputEvents = YES;
				INFOPLIST_KEY_UILaunchScreen_Generation = YES;
				INFOPLIST_KEY_UISupportedInterfaceOrientations_iPad = "UIInterfaceOrientationPortrait UIInterfaceOrientationPortraitUpsideDown UIInterfaceOrientationLandscapeLeft UIInterfaceOrientationLandscapeRight";
				INFOPLIST_KEY_UISupportedInterfaceOrientations_iPhone = "UIInterfaceOrientationPortrait UIInterfaceOrientationLandscapeLeft UIInterfaceOrientationLandscapeRight";
				LD_RUNPATH_SEARCH_PATHS = (
					"$(inherited)",
					"@executable_path/Frameworks",
				);
				MARKETING_VERSION = 1.0;
				PRODUCT_BUNDLE_IDENTIFIER = com.demo.AustraliaCountry;
				PRODUCT_NAME = "$(TARGET_NAME)";
				SWIFT_EMIT_LOC_STRINGS = YES;
				SWIFT_VERSION = 5.0;
				TARGETED_DEVICE_FAMILY = "1,2";
			};
			name = Debug;
		};
		61A5BA292D7579BD000D44AE /* Release */ = {
			isa = XCBuildConfiguration;
			buildSettings = {
				ASSETCATALOG_COMPILER_APPICON_NAME = AppIcon;
				ASSETCATALOG_COMPILER_GLOBAL_ACCENT_COLOR_NAME = AccentColor;
				CODE_SIGN_STYLE = Automatic;
				CURRENT_PROJECT_VERSION = 1;
				DEVELOPMENT_ASSET_PATHS = "\"AustraliaCountry/Preview Content\"";
				ENABLE_PREVIEWS = YES;
				GENERATE_INFOPLIST_FILE = YES;
				INFOPLIST_KEY_UIApplicationSceneManifest_Generation = YES;
				INFOPLIST_KEY_UIApplicationSupportsIndirectInputEvents = YES;
				INFOPLIST_KEY_UILaunchScreen_Generation = YES;
				INFOPLIST_KEY_UISupportedInterfaceOrientations_iPad = "UIInterfaceOrientationPortrait UIInterfaceOrientationPortraitUpsideDown UIInterfaceOrientationLandscapeLeft UIInterfaceOrientationLandscapeRight";
				INFOPLIST_KEY_UISupportedInterfaceOrientations_iPhone = "UIInterfaceOrientationPortrait UIInterfaceOrientationLandscapeLeft UIInterfaceOrientationLandscapeRight";
				LD_RUNPATH_SEARCH_PATHS = (
					"$(inherited)",
					"@executable_path/Frameworks",
				);
				MARKETING_VERSION = 1.0;
				PRODUCT_BUNDLE_IDENTIFIER = com.demo.AustraliaCountry;
				PRODUCT_NAME = "$(TARGET_NAME)";
				SWIFT_EMIT_LOC_STRINGS = YES;
				SWIFT_VERSION = 5.0;
				TARGETED_DEVICE_FAMILY = "1,2";
			};
			name = Release;
		};
		61A5BA2B2D7579BD000D44AE /* Debug */ = {
			isa = XCBuildConfiguration;
			buildSettings = {
				BUNDLE_LOADER = "$(TEST_HOST)";
				CODE_SIGN_STYLE = Automatic;
				CURRENT_PROJECT_VERSION = 1;
				GENERATE_INFOPLIST_FILE = YES;
				IPHONEOS_DEPLOYMENT_TARGET = 18.2;
				MARKETING_VERSION = 1.0;
				PRODUCT_BUNDLE_IDENTIFIER = com.demo.AustraliaCountryTests;
				PRODUCT_NAME = "$(TARGET_NAME)";
				SWIFT_EMIT_LOC_STRINGS = NO;
				SWIFT_VERSION = 5.0;
				TARGETED_DEVICE_FAMILY = "1,2";
				TEST_HOST = "$(BUILT_PRODUCTS_DIR)/AustraliaCountry.app/$(BUNDLE_EXECUTABLE_FOLDER_PATH)/AustraliaCountry";
			};
			name = Debug;
		};
		61A5BA2C2D7579BD000D44AE /* Release */ = {
			isa = XCBuildConfiguration;
			buildSettings = {
				BUNDLE_LOADER = "$(TEST_HOST)";
				CODE_SIGN_STYLE = Automatic;
				CURRENT_PROJECT_VERSION = 1;
				GENERATE_INFOPLIST_FILE = YES;
				IPHONEOS_DEPLOYMENT_TARGET = 18.2;
				MARKETING_VERSION = 1.0;
				PRODUCT_BUNDLE_IDENTIFIER = com.demo.AustraliaCountryTests;
				PRODUCT_NAME = "$(TARGET_NAME)";
				SWIFT_EMIT_LOC_STRINGS = NO;
				SWIFT_VERSION = 5.0;
				TARGETED_DEVICE_FAMILY = "1,2";
				TEST_HOST = "$(BUILT_PRODUCTS_DIR)/AustraliaCountry.app/$(BUNDLE_EXECUTABLE_FOLDER_PATH)/AustraliaCountry";
			};
			name = Release;
		};
		61A5BA2E2D7579BD000D44AE /* Debug */ = {
			isa = XCBuildConfiguration;
			buildSettings = {
				CODE_SIGN_STYLE = Automatic;
				CURRENT_PROJECT_VERSION = 1;
				GENERATE_INFOPLIST_FILE = YES;
				MARKETING_VERSION = 1.0;
				PRODUCT_BUNDLE_IDENTIFIER = com.demo.AustraliaCountryUITests;
				PRODUCT_NAME = "$(TARGET_NAME)";
				SWIFT_EMIT_LOC_STRINGS = NO;
				SWIFT_VERSION = 5.0;
				TARGETED_DEVICE_FAMILY = "1,2";
				TEST_TARGET_NAME = AustraliaCountry;
			};
			name = Debug;
		};
		61A5BA2F2D7579BD000D44AE /* Release */ = {
			isa = XCBuildConfiguration;
			buildSettings = {
				CODE_SIGN_STYLE = Automatic;
				CURRENT_PROJECT_VERSION = 1;
				GENERATE_INFOPLIST_FILE = YES;
				MARKETING_VERSION = 1.0;
				PRODUCT_BUNDLE_IDENTIFIER = com.demo.AustraliaCountryUITests;
				PRODUCT_NAME = "$(TARGET_NAME)";
				SWIFT_EMIT_LOC_STRINGS = NO;
				SWIFT_VERSION = 5.0;
				TARGETED_DEVICE_FAMILY = "1,2";
				TEST_TARGET_NAME = AustraliaCountry;
			};
			name = Release;
		};
/* End XCBuildConfiguration section */

/* Begin XCConfigurationList section */
		61A5B9FE2D7579BB000D44AE /* Build configuration list for PBXProject "AustraliaCountry" */ = {
			isa = XCConfigurationList;
			buildConfigurations = (
				61A5BA252D7579BD000D44AE /* Debug */,
				61A5BA262D7579BD000D44AE /* Release */,
			);
			defaultConfigurationIsVisible = 0;
			defaultConfigurationName = Release;
		};
		61A5BA272D7579BD000D44AE /* Build configuration list for PBXNativeTarget "AustraliaCountry" */ = {
			isa = XCConfigurationList;
			buildConfigurations = (
				61A5BA282D7579BD000D44AE /* Debug */,
				61A5BA292D7579BD000D44AE /* Release */,
			);
			defaultConfigurationIsVisible = 0;
			defaultConfigurationName = Release;
		};
		61A5BA2A2D7579BD000D44AE /* Build configuration list for PBXNativeTarget "AustraliaCountryTests" */ = {
			isa = XCConfigurationList;
			buildConfigurations = (
				61A5BA2B2D7579BD000D44AE /* Debug */,
				61A5BA2C2D7579BD000D44AE /* Release */,
			);
			defaultConfigurationIsVisible = 0;
			defaultConfigurationName = Release;
		};
		61A5BA2D2D7579BD000D44AE /* Build configuration list for PBXNativeTarget "AustraliaCountryUITests" */ = {
			isa = XCConfigurationList;
			buildConfigurations = (
				61A5BA2E2D7579BD000D44AE /* Debug */,
				61A5BA2F2D7579BD000D44AE /* Release */,
			);
			defaultConfigurationIsVisible = 0;
			defaultConfigurationName = Release;
		};
/* End XCConfigurationList section */
	};
	rootObject = 61A5B9FB2D7579BB000D44AE /* Project object */;
}
